// !$*UTF8*$!
{
	archiveVersion = 1;
	classes = {
	};
	objectVersion = 50;
	objects = {

/* Begin PBXBuildFile section */
		84572787235B403C008A5E3D /* ContactTableViewCell.swift in Sources */ = {isa = PBXBuildFile; fileRef = 84572786235B403C008A5E3D /* ContactTableViewCell.swift */; };
		84572789235B4C07008A5E3D /* ContactDetailViewController.swift in Sources */ = {isa = PBXBuildFile; fileRef = 84572788235B4C07008A5E3D /* ContactDetailViewController.swift */; };
		8457278B235B4D40008A5E3D /* Constants.swift in Sources */ = {isa = PBXBuildFile; fileRef = 8457278A235B4D40008A5E3D /* Constants.swift */; };
		8457278D235C8D0D008A5E3D /* CommonExtension.swift in Sources */ = {isa = PBXBuildFile; fileRef = 8457278C235C8D0D008A5E3D /* CommonExtension.swift */; };
		84B30CC3235AE4BD00A74940 /* AppDelegate.swift in Sources */ = {isa = PBXBuildFile; fileRef = 84B30CC2235AE4BD00A74940 /* AppDelegate.swift */; };
		84B30CC5235AE4BD00A74940 /* SceneDelegate.swift in Sources */ = {isa = PBXBuildFile; fileRef = 84B30CC4235AE4BD00A74940 /* SceneDelegate.swift */; };
		84B30CC7235AE4BD00A74940 /* HomeScreenViewController.swift in Sources */ = {isa = PBXBuildFile; fileRef = 84B30CC6235AE4BD00A74940 /* HomeScreenViewController.swift */; };
		84B30CCA235AE4BD00A74940 /* Main.storyboard in Resources */ = {isa = PBXBuildFile; fileRef = 84B30CC8235AE4BD00A74940 /* Main.storyboard */; };
		84B30CCC235AE4BF00A74940 /* Assets.xcassets in Resources */ = {isa = PBXBuildFile; fileRef = 84B30CCB235AE4BF00A74940 /* Assets.xcassets */; };
		84B30CCF235AE4BF00A74940 /* LaunchScreen.storyboard in Resources */ = {isa = PBXBuildFile; fileRef = 84B30CCD235AE4BF00A74940 /* LaunchScreen.storyboard */; };
		84B30CDA235AE4BF00A74940 /* ContactsTests.swift in Sources */ = {isa = PBXBuildFile; fileRef = 84B30CD9235AE4BF00A74940 /* ContactsTests.swift */; };
		84B30CE5235AE4BF00A74940 /* ContactsUITests.swift in Sources */ = {isa = PBXBuildFile; fileRef = 84B30CE4235AE4BF00A74940 /* ContactsUITests.swift */; };
		84B30CF4235AE5AA00A74940 /* APIClient.swift in Sources */ = {isa = PBXBuildFile; fileRef = 84B30CF3235AE5AA00A74940 /* APIClient.swift */; };
		84B30CF6235AE60D00A74940 /* APIRestClient.swift in Sources */ = {isa = PBXBuildFile; fileRef = 84B30CF5235AE60D00A74940 /* APIRestClient.swift */; };
		84B30CF8235AEA1500A74940 /* APIHelper.swift in Sources */ = {isa = PBXBuildFile; fileRef = 84B30CF7235AEA1500A74940 /* APIHelper.swift */; };
		84B30CFB235AF26F00A74940 /* ContactsModel.swift in Sources */ = {isa = PBXBuildFile; fileRef = 84B30CFA235AF26F00A74940 /* ContactsModel.swift */; };
/* End PBXBuildFile section */

/* Begin PBXContainerItemProxy section */
		84B30CD6235AE4BF00A74940 /* PBXContainerItemProxy */ = {
			isa = PBXContainerItemProxy;
			containerPortal = 84B30CB7235AE4BD00A74940 /* Project object */;
			proxyType = 1;
			remoteGlobalIDString = 84B30CBE235AE4BD00A74940;
			remoteInfo = Contacts;
		};
		84B30CE1235AE4BF00A74940 /* PBXContainerItemProxy */ = {
			isa = PBXContainerItemProxy;
			containerPortal = 84B30CB7235AE4BD00A74940 /* Project object */;
			proxyType = 1;
			remoteGlobalIDString = 84B30CBE235AE4BD00A74940;
			remoteInfo = Contacts;
		};
/* End PBXContainerItemProxy section */

/* Begin PBXFileReference section */
		84572786235B403C008A5E3D /* ContactTableViewCell.swift */ = {isa = PBXFileReference; lastKnownFileType = sourcecode.swift; path = ContactTableViewCell.swift; sourceTree = "<group>"; };
		84572788235B4C07008A5E3D /* ContactDetailViewController.swift */ = {isa = PBXFileReference; lastKnownFileType = sourcecode.swift; path = ContactDetailViewController.swift; sourceTree = "<group>"; };
		8457278A235B4D40008A5E3D /* Constants.swift */ = {isa = PBXFileReference; lastKnownFileType = sourcecode.swift; path = Constants.swift; sourceTree = "<group>"; };
		8457278C235C8D0D008A5E3D /* CommonExtension.swift */ = {isa = PBXFileReference; lastKnownFileType = sourcecode.swift; path = CommonExtension.swift; sourceTree = "<group>"; };
		84B30CBF235AE4BD00A74940 /* Contacts.app */ = {isa = PBXFileReference; explicitFileType = wrapper.application; includeInIndex = 0; path = Contacts.app; sourceTree = BUILT_PRODUCTS_DIR; };
		84B30CC2235AE4BD00A74940 /* AppDelegate.swift */ = {isa = PBXFileReference; lastKnownFileType = sourcecode.swift; path = AppDelegate.swift; sourceTree = "<group>"; };
		84B30CC4235AE4BD00A74940 /* SceneDelegate.swift */ = {isa = PBXFileReference; lastKnownFileType = sourcecode.swift; path = SceneDelegate.swift; sourceTree = "<group>"; };
		84B30CC6235AE4BD00A74940 /* HomeScreenViewController.swift */ = {isa = PBXFileReference; lastKnownFileType = sourcecode.swift; path = HomeScreenViewController.swift; sourceTree = "<group>"; };
		84B30CC9235AE4BD00A74940 /* Base */ = {isa = PBXFileReference; lastKnownFileType = file.storyboard; name = Base; path = Base.lproj/Main.storyboard; sourceTree = "<group>"; };
		84B30CCB235AE4BF00A74940 /* Assets.xcassets */ = {isa = PBXFileReference; lastKnownFileType = folder.assetcatalog; path = Assets.xcassets; sourceTree = "<group>"; };
		84B30CCE235AE4BF00A74940 /* Base */ = {isa = PBXFileReference; lastKnownFileType = file.storyboard; name = Base; path = Base.lproj/LaunchScreen.storyboard; sourceTree = "<group>"; };
		84B30CD0235AE4BF00A74940 /* Info.plist */ = {isa = PBXFileReference; lastKnownFileType = text.plist.xml; path = Info.plist; sourceTree = "<group>"; };
		84B30CD5235AE4BF00A74940 /* ContactsTests.xctest */ = {isa = PBXFileReference; explicitFileType = wrapper.cfbundle; includeInIndex = 0; path = ContactsTests.xctest; sourceTree = BUILT_PRODUCTS_DIR; };
		84B30CD9235AE4BF00A74940 /* ContactsTests.swift */ = {isa = PBXFileReference; lastKnownFileType = sourcecode.swift; path = ContactsTests.swift; sourceTree = "<group>"; };
		84B30CDB235AE4BF00A74940 /* Info.plist */ = {isa = PBXFileReference; lastKnownFileType = text.plist.xml; path = Info.plist; sourceTree = "<group>"; };
		84B30CE0235AE4BF00A74940 /* ContactsUITests.xctest */ = {isa = PBXFileReference; explicitFileType = wrapper.cfbundle; includeInIndex = 0; path = ContactsUITests.xctest; sourceTree = BUILT_PRODUCTS_DIR; };
		84B30CE4235AE4BF00A74940 /* ContactsUITests.swift */ = {isa = PBXFileReference; lastKnownFileType = sourcecode.swift; path = ContactsUITests.swift; sourceTree = "<group>"; };
		84B30CE6235AE4BF00A74940 /* Info.plist */ = {isa = PBXFileReference; lastKnownFileType = text.plist.xml; path = Info.plist; sourceTree = "<group>"; };
		84B30CF3235AE5AA00A74940 /* APIClient.swift */ = {isa = PBXFileReference; lastKnownFileType = sourcecode.swift; path = APIClient.swift; sourceTree = "<group>"; };
		84B30CF5235AE60D00A74940 /* APIRestClient.swift */ = {isa = PBXFileReference; lastKnownFileType = sourcecode.swift; path = APIRestClient.swift; sourceTree = "<group>"; };
		84B30CF7235AEA1500A74940 /* APIHelper.swift */ = {isa = PBXFileReference; lastKnownFileType = sourcecode.swift; path = APIHelper.swift; sourceTree = "<group>"; };
		84B30CFA235AF26F00A74940 /* ContactsModel.swift */ = {isa = PBXFileReference; lastKnownFileType = sourcecode.swift; path = ContactsModel.swift; sourceTree = "<group>"; };
/* End PBXFileReference section */

/* Begin PBXFrameworksBuildPhase section */
		84B30CBC235AE4BD00A74940 /* Frameworks */ = {
			isa = PBXFrameworksBuildPhase;
			buildActionMask = 2147483647;
			files = (
			);
			runOnlyForDeploymentPostprocessing = 0;
		};
		84B30CD2235AE4BF00A74940 /* Frameworks */ = {
			isa = PBXFrameworksBuildPhase;
			buildActionMask = 2147483647;
			files = (
			);
			runOnlyForDeploymentPostprocessing = 0;
		};
		84B30CDD235AE4BF00A74940 /* Frameworks */ = {
			isa = PBXFrameworksBuildPhase;
			buildActionMask = 2147483647;
			files = (
			);
			runOnlyForDeploymentPostprocessing = 0;
		};
/* End PBXFrameworksBuildPhase section */

/* Begin PBXGroup section */
		84B30CB6235AE4BD00A74940 = {
			isa = PBXGroup;
			children = (
				84B30CC1235AE4BD00A74940 /* Contacts */,
				84B30CD8235AE4BF00A74940 /* ContactsTests */,
				84B30CE3235AE4BF00A74940 /* ContactsUITests */,
				84B30CC0235AE4BD00A74940 /* Products */,
			);
			sourceTree = "<group>";
		};
		84B30CC0235AE4BD00A74940 /* Products */ = {
			isa = PBXGroup;
			children = (
				84B30CBF235AE4BD00A74940 /* Contacts.app */,
				84B30CD5235AE4BF00A74940 /* ContactsTests.xctest */,
				84B30CE0235AE4BF00A74940 /* ContactsUITests.xctest */,
			);
			name = Products;
			sourceTree = "<group>";
		};
		84B30CC1235AE4BD00A74940 /* Contacts */ = {
			isa = PBXGroup;
			children = (
				84B30CFD235B053000A74940 /* Views */,
				84B30CFC235B052300A74940 /* Controllers */,
				84B30CF9235AF23700A74940 /* Models */,
				84B30CF2235AE57800A74940 /* Networking */,
				84B30CC2235AE4BD00A74940 /* AppDelegate.swift */,
				84B30CC4235AE4BD00A74940 /* SceneDelegate.swift */,
				84B30CC8235AE4BD00A74940 /* Main.storyboard */,
				84B30CCB235AE4BF00A74940 /* Assets.xcassets */,
				84B30CCD235AE4BF00A74940 /* LaunchScreen.storyboard */,
				84B30CD0235AE4BF00A74940 /* Info.plist */,
				8457278A235B4D40008A5E3D /* Constants.swift */,
				8457278C235C8D0D008A5E3D /* CommonExtension.swift */,
			);
			path = Contacts;
			sourceTree = "<group>";
		};
		84B30CD8235AE4BF00A74940 /* ContactsTests */ = {
			isa = PBXGroup;
			children = (
				84B30CD9235AE4BF00A74940 /* ContactsTests.swift */,
				84B30CDB235AE4BF00A74940 /* Info.plist */,
			);
			path = ContactsTests;
			sourceTree = "<group>";
		};
		84B30CE3235AE4BF00A74940 /* ContactsUITests */ = {
			isa = PBXGroup;
			children = (
				84B30CE4235AE4BF00A74940 /* ContactsUITests.swift */,
				84B30CE6235AE4BF00A74940 /* Info.plist */,
			);
			path = ContactsUITests;
			sourceTree = "<group>";
		};
		84B30CF2235AE57800A74940 /* Networking */ = {
			isa = PBXGroup;
			children = (
				84B30CF3235AE5AA00A74940 /* APIClient.swift */,
				84B30CF5235AE60D00A74940 /* APIRestClient.swift */,
				84B30CF7235AEA1500A74940 /* APIHelper.swift */,
			);
			path = Networking;
			sourceTree = "<group>";
		};
		84B30CF9235AF23700A74940 /* Models */ = {
			isa = PBXGroup;
			children = (
				84B30CFA235AF26F00A74940 /* ContactsModel.swift */,
			);
			path = Models;
			sourceTree = "<group>";
		};
		84B30CFC235B052300A74940 /* Controllers */ = {
			isa = PBXGroup;
			children = (
				84B30CC6235AE4BD00A74940 /* HomeScreenViewController.swift */,
				84572788235B4C07008A5E3D /* ContactDetailViewController.swift */,
			);
			path = Controllers;
			sourceTree = "<group>";
		};
		84B30CFD235B053000A74940 /* Views */ = {
			isa = PBXGroup;
			children = (
				84572786235B403C008A5E3D /* ContactTableViewCell.swift */,
			);
			path = Views;
			sourceTree = "<group>";
		};
/* End PBXGroup section */

/* Begin PBXNativeTarget section */
		84B30CBE235AE4BD00A74940 /* Contacts */ = {
			isa = PBXNativeTarget;
			buildConfigurationList = 84B30CE9235AE4BF00A74940 /* Build configuration list for PBXNativeTarget "Contacts" */;
			buildPhases = (
				84B30CBB235AE4BD00A74940 /* Sources */,
				84B30CBC235AE4BD00A74940 /* Frameworks */,
				84B30CBD235AE4BD00A74940 /* Resources */,
			);
			buildRules = (
			);
			dependencies = (
			);
			name = Contacts;
			productName = Contacts;
			productReference = 84B30CBF235AE4BD00A74940 /* Contacts.app */;
			productType = "com.apple.product-type.application";
		};
		84B30CD4235AE4BF00A74940 /* ContactsTests */ = {
			isa = PBXNativeTarget;
			buildConfigurationList = 84B30CEC235AE4BF00A74940 /* Build configuration list for PBXNativeTarget "ContactsTests" */;
			buildPhases = (
				84B30CD1235AE4BF00A74940 /* Sources */,
				84B30CD2235AE4BF00A74940 /* Frameworks */,
				84B30CD3235AE4BF00A74940 /* Resources */,
			);
			buildRules = (
			);
			dependencies = (
				84B30CD7235AE4BF00A74940 /* PBXTargetDependency */,
			);
			name = ContactsTests;
			productName = ContactsTests;
			productReference = 84B30CD5235AE4BF00A74940 /* ContactsTests.xctest */;
			productType = "com.apple.product-type.bundle.unit-test";
		};
		84B30CDF235AE4BF00A74940 /* ContactsUITests */ = {
			isa = PBXNativeTarget;
			buildConfigurationList = 84B30CEF235AE4BF00A74940 /* Build configuration list for PBXNativeTarget "ContactsUITests" */;
			buildPhases = (
				84B30CDC235AE4BF00A74940 /* Sources */,
				84B30CDD235AE4BF00A74940 /* Frameworks */,
				84B30CDE235AE4BF00A74940 /* Resources */,
			);
			buildRules = (
			);
			dependencies = (
				84B30CE2235AE4BF00A74940 /* PBXTargetDependency */,
			);
			name = ContactsUITests;
			productName = ContactsUITests;
			productReference = 84B30CE0235AE4BF00A74940 /* ContactsUITests.xctest */;
			productType = "com.apple.product-type.bundle.ui-testing";
		};
/* End PBXNativeTarget section */

/* Begin PBXProject section */
		84B30CB7235AE4BD00A74940 /* Project object */ = {
			isa = PBXProject;
			attributes = {
				LastSwiftUpdateCheck = 1100;
				LastUpgradeCheck = 1100;
				ORGANIZATIONNAME = "Go Jek";
				TargetAttributes = {
					84B30CBE235AE4BD00A74940 = {
						CreatedOnToolsVersion = 11.0;
					};
					84B30CD4235AE4BF00A74940 = {
						CreatedOnToolsVersion = 11.0;
						TestTargetID = 84B30CBE235AE4BD00A74940;
					};
					84B30CDF235AE4BF00A74940 = {
						CreatedOnToolsVersion = 11.0;
						TestTargetID = 84B30CBE235AE4BD00A74940;
					};
				};
			};
			buildConfigurationList = 84B30CBA235AE4BD00A74940 /* Build configuration list for PBXProject "Contacts" */;
			compatibilityVersion = "Xcode 9.3";
			developmentRegion = en;
			hasScannedForEncodings = 0;
			knownRegions = (
				en,
				Base,
			);
			mainGroup = 84B30CB6235AE4BD00A74940;
			productRefGroup = 84B30CC0235AE4BD00A74940 /* Products */;
			projectDirPath = "";
			projectRoot = "";
			targets = (
				84B30CBE235AE4BD00A74940 /* Contacts */,
				84B30CD4235AE4BF00A74940 /* ContactsTests */,
				84B30CDF235AE4BF00A74940 /* ContactsUITests */,
			);
		};
/* End PBXProject section */

/* Begin PBXResourcesBuildPhase section */
		84B30CBD235AE4BD00A74940 /* Resources */ = {
			isa = PBXResourcesBuildPhase;
			buildActionMask = 2147483647;
			files = (
				84B30CCF235AE4BF00A74940 /* LaunchScreen.storyboard in Resources */,
				84B30CCC235AE4BF00A74940 /* Assets.xcassets in Resources */,
				84B30CCA235AE4BD00A74940 /* Main.storyboard in Resources */,
			);
			runOnlyForDeploymentPostprocessing = 0;
		};
		84B30CD3235AE4BF00A74940 /* Resources */ = {
			isa = PBXResourcesBuildPhase;
			buildActionMask = 2147483647;
			files = (
			);
			runOnlyForDeploymentPostprocessing = 0;
		};
		84B30CDE235AE4BF00A74940 /* Resources */ = {
			isa = PBXResourcesBuildPhase;
			buildActionMask = 2147483647;
			files = (
			);
			runOnlyForDeploymentPostprocessing = 0;
		};
/* End PBXResourcesBuildPhase section */

/* Begin PBXSourcesBuildPhase section */
		84B30CBB235AE4BD00A74940 /* Sources */ = {
			isa = PBXSourcesBuildPhase;
			buildActionMask = 2147483647;
			files = (
				84B30CF8235AEA1500A74940 /* APIHelper.swift in Sources */,
				84B30CC7235AE4BD00A74940 /* HomeScreenViewController.swift in Sources */,
				84B30CC3235AE4BD00A74940 /* AppDelegate.swift in Sources */,
				84B30CC5235AE4BD00A74940 /* SceneDelegate.swift in Sources */,
				84572789235B4C07008A5E3D /* ContactDetailViewController.swift in Sources */,
				8457278B235B4D40008A5E3D /* Constants.swift in Sources */,
				8457278D235C8D0D008A5E3D /* CommonExtension.swift in Sources */,
				84572787235B403C008A5E3D /* ContactTableViewCell.swift in Sources */,
				84B30CF6235AE60D00A74940 /* APIRestClient.swift in Sources */,
				84B30CF4235AE5AA00A74940 /* APIClient.swift in Sources */,
				84B30CFB235AF26F00A74940 /* ContactsModel.swift in Sources */,
			);
			runOnlyForDeploymentPostprocessing = 0;
		};
		84B30CD1235AE4BF00A74940 /* Sources */ = {
			isa = PBXSourcesBuildPhase;
			buildActionMask = 2147483647;
			files = (
				84B30CDA235AE4BF00A74940 /* ContactsTests.swift in Sources */,
			);
			runOnlyForDeploymentPostprocessing = 0;
		};
		84B30CDC235AE4BF00A74940 /* Sources */ = {
			isa = PBXSourcesBuildPhase;
			buildActionMask = 2147483647;
			files = (
				84B30CE5235AE4BF00A74940 /* ContactsUITests.swift in Sources */,
			);
			runOnlyForDeploymentPostprocessing = 0;
		};
/* End PBXSourcesBuildPhase section */

/* Begin PBXTargetDependency section */
		84B30CD7235AE4BF00A74940 /* PBXTargetDependency */ = {
			isa = PBXTargetDependency;
			target = 84B30CBE235AE4BD00A74940 /* Contacts */;
			targetProxy = 84B30CD6235AE4BF00A74940 /* PBXContainerItemProxy */;
		};
		84B30CE2235AE4BF00A74940 /* PBXTargetDependency */ = {
			isa = PBXTargetDependency;
			target = 84B30CBE235AE4BD00A74940 /* Contacts */;
			targetProxy = 84B30CE1235AE4BF00A74940 /* PBXContainerItemProxy */;
		};
/* End PBXTargetDependency section */

/* Begin PBXVariantGroup section */
		84B30CC8235AE4BD00A74940 /* Main.storyboard */ = {
			isa = PBXVariantGroup;
			children = (
				84B30CC9235AE4BD00A74940 /* Base */,
			);
			name = Main.storyboard;
			sourceTree = "<group>";
		};
		84B30CCD235AE4BF00A74940 /* LaunchScreen.storyboard */ = {
			isa = PBXVariantGroup;
			children = (
				84B30CCE235AE4BF00A74940 /* Base */,
			);
			name = LaunchScreen.storyboard;
			sourceTree = "<group>";
		};
/* End PBXVariantGroup section */

/* Begin XCBuildConfiguration section */
		84B30CE7235AE4BF00A74940 /* Debug */ = {
			isa = XCBuildConfiguration;
			buildSettings = {
				ALWAYS_SEARCH_USER_PATHS = NO;
				CLANG_ANALYZER_NONNULL = YES;
				CLANG_ANALYZER_NUMBER_OBJECT_CONVERSION = YES_AGGRESSIVE;
				CLANG_CXX_LANGUAGE_STANDARD = "gnu++14";
				CLANG_CXX_LIBRARY = "libc++";
				CLANG_ENABLE_MODULES = YES;
				CLANG_ENABLE_OBJC_ARC = YES;
				CLANG_ENABLE_OBJC_WEAK = YES;
				CLANG_WARN_BLOCK_CAPTURE_AUTORELEASING = YES;
				CLANG_WARN_BOOL_CONVERSION = YES;
				CLANG_WARN_COMMA = YES;
				CLANG_WARN_CONSTANT_CONVERSION = YES;
				CLANG_WARN_DEPRECATED_OBJC_IMPLEMENTATIONS = YES;
				CLANG_WARN_DIRECT_OBJC_ISA_USAGE = YES_ERROR;
				CLANG_WARN_DOCUMENTATION_COMMENTS = YES;
				CLANG_WARN_EMPTY_BODY = YES;
				CLANG_WARN_ENUM_CONVERSION = YES;
				CLANG_WARN_INFINITE_RECURSION = YES;
				CLANG_WARN_INT_CONVERSION = YES;
				CLANG_WARN_NON_LITERAL_NULL_CONVERSION = YES;
				CLANG_WARN_OBJC_IMPLICIT_RETAIN_SELF = YES;
				CLANG_WARN_OBJC_LITERAL_CONVERSION = YES;
				CLANG_WARN_OBJC_ROOT_CLASS = YES_ERROR;
				CLANG_WARN_RANGE_LOOP_ANALYSIS = YES;
				CLANG_WARN_STRICT_PROTOTYPES = YES;
				CLANG_WARN_SUSPICIOUS_MOVE = YES;
				CLANG_WARN_UNGUARDED_AVAILABILITY = YES_AGGRESSIVE;
				CLANG_WARN_UNREACHABLE_CODE = YES;
				CLANG_WARN__DUPLICATE_METHOD_MATCH = YES;
				COPY_PHASE_STRIP = NO;
				DEBUG_INFORMATION_FORMAT = dwarf;
				ENABLE_STRICT_OBJC_MSGSEND = YES;
				ENABLE_TESTABILITY = YES;
				GCC_C_LANGUAGE_STANDARD = gnu11;
				GCC_DYNAMIC_NO_PIC = NO;
				GCC_NO_COMMON_BLOCKS = YES;
				GCC_OPTIMIZATION_LEVEL = 0;
				GCC_PREPROCESSOR_DEFINITIONS = (
					"DEBUG=1",
					"$(inherited)",
				);
				GCC_WARN_64_TO_32_BIT_CONVERSION = YES;
				GCC_WARN_ABOUT_RETURN_TYPE = YES_ERROR;
				GCC_WARN_UNDECLARED_SELECTOR = YES;
				GCC_WARN_UNINITIALIZED_AUTOS = YES_AGGRESSIVE;
				GCC_WARN_UNUSED_FUNCTION = YES;
				GCC_WARN_UNUSED_VARIABLE = YES;
				IPHONEOS_DEPLOYMENT_TARGET = 13.0;
				MTL_ENABLE_DEBUG_INFO = INCLUDE_SOURCE;
				MTL_FAST_MATH = YES;
				ONLY_ACTIVE_ARCH = YES;
				SDKROOT = iphoneos;
				SWIFT_ACTIVE_COMPILATION_CONDITIONS = DEBUG;
				SWIFT_OPTIMIZATION_LEVEL = "-Onone";
			};
			name = Debug;
		};
		84B30CE8235AE4BF00A74940 /* Release */ = {
			isa = XCBuildConfiguration;
			buildSettings = {
				ALWAYS_SEARCH_USER_PATHS = NO;
				CLANG_ANALYZER_NONNULL = YES;
				CLANG_ANALYZER_NUMBER_OBJECT_CONVERSION = YES_AGGRESSIVE;
				CLANG_CXX_LANGUAGE_STANDARD = "gnu++14";
				CLANG_CXX_LIBRARY = "libc++";
				CLANG_ENABLE_MODULES = YES;
				CLANG_ENABLE_OBJC_ARC = YES;
				CLANG_ENABLE_OBJC_WEAK = YES;
				CLANG_WARN_BLOCK_CAPTURE_AUTORELEASING = YES;
				CLANG_WARN_BOOL_CONVERSION = YES;
				CLANG_WARN_COMMA = YES;
				CLANG_WARN_CONSTANT_CONVERSION = YES;
				CLANG_WARN_DEPRECATED_OBJC_IMPLEMENTATIONS = YES;
				CLANG_WARN_DIRECT_OBJC_ISA_USAGE = YES_ERROR;
				CLANG_WARN_DOCUMENTATION_COMMENTS = YES;
				CLANG_WARN_EMPTY_BODY = YES;
				CLANG_WARN_ENUM_CONVERSION = YES;
				CLANG_WARN_INFINITE_RECURSION = YES;
				CLANG_WARN_INT_CONVERSION = YES;
				CLANG_WARN_NON_LITERAL_NULL_CONVERSION = YES;
				CLANG_WARN_OBJC_IMPLICIT_RETAIN_SELF = YES;
				CLANG_WARN_OBJC_LITERAL_CONVERSION = YES;
				CLANG_WARN_OBJC_ROOT_CLASS = YES_ERROR;
				CLANG_WARN_RANGE_LOOP_ANALYSIS = YES;
				CLANG_WARN_STRICT_PROTOTYPES = YES;
				CLANG_WARN_SUSPICIOUS_MOVE = YES;
				CLANG_WARN_UNGUARDED_AVAILABILITY = YES_AGGRESSIVE;
				CLANG_WARN_UNREACHABLE_CODE = YES;
				CLANG_WARN__DUPLICATE_METHOD_MATCH = YES;
				COPY_PHASE_STRIP = NO;
				DEBUG_INFORMATION_FORMAT = "dwarf-with-dsym";
				ENABLE_NS_ASSERTIONS = NO;
				ENABLE_STRICT_OBJC_MSGSEND = YES;
				GCC_C_LANGUAGE_STANDARD = gnu11;
				GCC_NO_COMMON_BLOCKS = YES;
				GCC_WARN_64_TO_32_BIT_CONVERSION = YES;
				GCC_WARN_ABOUT_RETURN_TYPE = YES_ERROR;
				GCC_WARN_UNDECLARED_SELECTOR = YES;
				GCC_WARN_UNINITIALIZED_AUTOS = YES_AGGRESSIVE;
				GCC_WARN_UNUSED_FUNCTION = YES;
				GCC_WARN_UNUSED_VARIABLE = YES;
				IPHONEOS_DEPLOYMENT_TARGET = 13.0;
				MTL_ENABLE_DEBUG_INFO = NO;
				MTL_FAST_MATH = YES;
				SDKROOT = iphoneos;
				SWIFT_COMPILATION_MODE = wholemodule;
				SWIFT_OPTIMIZATION_LEVEL = "-O";
				VALIDATE_PRODUCT = YES;
			};
			name = Release;
		};
		84B30CEA235AE4BF00A74940 /* Debug */ = {
			isa = XCBuildConfiguration;
			buildSettings = {
				ASSETCATALOG_COMPILER_APPICON_NAME = AppIcon;
				CODE_SIGN_STYLE = Automatic;
				INFOPLIST_FILE = Contacts/Info.plist;
				LD_RUNPATH_SEARCH_PATHS = (
					"$(inherited)",
					"@executable_path/Frameworks",
				);
				PRODUCT_BUNDLE_IDENTIFIER = "Go-Jek.Contacts";
				PRODUCT_NAME = "$(TARGET_NAME)";
				SWIFT_VERSION = 5.0;
				TARGETED_DEVICE_FAMILY = 1;
			};
			name = Debug;
		};
		84B30CEB235AE4BF00A74940 /* Release */ = {
			isa = XCBuildConfiguration;
			buildSettings = {
				ASSETCATALOG_COMPILER_APPICON_NAME = AppIcon;
				CODE_SIGN_STYLE = Automatic;
				INFOPLIST_FILE = Contacts/Info.plist;
				LD_RUNPATH_SEARCH_PATHS = (
					"$(inherited)",
					"@executable_path/Frameworks",
				);
				PRODUCT_BUNDLE_IDENTIFIER = "Go-Jek.Contacts";
				PRODUCT_NAME = "$(TARGET_NAME)";
				SWIFT_VERSION = 5.0;
				TARGETED_DEVICE_FAMILY = 1;
			};
			name = Release;
		};
		84B30CED235AE4BF00A74940 /* Debug */ = {
			isa = XCBuildConfiguration;
			buildSettings = {
				ALWAYS_EMBED_SWIFT_STANDARD_LIBRARIES = YES;
				BUNDLE_LOADER = "$(TEST_HOST)";
				CODE_SIGN_STYLE = Automatic;
				INFOPLIST_FILE = ContactsTests/Info.plist;
				IPHONEOS_DEPLOYMENT_TARGET = 13.0;
				LD_RUNPATH_SEARCH_PATHS = (
					"$(inherited)",
					"@executable_path/Frameworks",
					"@loader_path/Frameworks",
				);
				PRODUCT_BUNDLE_IDENTIFIER = "Go-Jek.ContactsTests";
				PRODUCT_NAME = "$(TARGET_NAME)";
				SWIFT_VERSION = 5.0;
				TARGETED_DEVICE_FAMILY = "1,2";
				TEST_HOST = "$(BUILT_PRODUCTS_DIR)/Contacts.app/Contacts";
			};
			name = Debug;
		};
		84B30CEE235AE4BF00A74940 /* Release */ = {
			isa = XCBuildConfiguration;
			buildSettings = {
				ALWAYS_EMBED_SWIFT_STANDARD_LIBRARIES = YES;
				BUNDLE_LOADER = "$(TEST_HOST)";
				CODE_SIGN_STYLE = Automatic;
				INFOPLIST_FILE = ContactsTests/Info.plist;
				IPHONEOS_DEPLOYMENT_TARGET = 13.0;
				LD_RUNPATH_SEARCH_PATHS = (
					"$(inherited)",
					"@executable_path/Frameworks",
					"@loader_path/Frameworks",
				);
				PRODUCT_BUNDLE_IDENTIFIER = "Go-Jek.ContactsTests";
				PRODUCT_NAME = "$(TARGET_NAME)";
				SWIFT_VERSION = 5.0;
				TARGETED_DEVICE_FAMILY = "1,2";
				TEST_HOST = "$(BUILT_PRODUCTS_DIR)/Contacts.app/Contacts";
			};
			name = Release;
		};
		84B30CF0235AE4BF00A74940 /* Debug */ = {
			isa = XCBuildConfiguration;
			buildSettings = {
				ALWAYS_EMBED_SWIFT_STANDARD_LIBRARIES = YES;
				CODE_SIGN_STYLE = Automatic;
				INFOPLIST_FILE = ContactsUITests/Info.plist;
				LD_RUNPATH_SEARCH_PATHS = (
					"$(inherited)",
					"@executable_path/Frameworks",
					"@loader_path/Frameworks",
				);
				PRODUCT_BUNDLE_IDENTIFIER = "Go-Jek.ContactsUITests";
				PRODUCT_NAME = "$(TARGET_NAME)";
				SWIFT_VERSION = 5.0;
				TARGETED_DEVICE_FAMILY = "1,2";
				TEST_TARGET_NAME = Contacts;
			};
			name = Debug;
		};
		84B30CF1235AE4BF00A74940 /* Release */ = {
			isa = XCBuildConfiguration;
			buildSettings = {
				ALWAYS_EMBED_SWIFT_STANDARD_LIBRARIES = YES;
				CODE_SIGN_STYLE = Automatic;
				INFOPLIST_FILE = ContactsUITests/Info.plist;
				LD_RUNPATH_SEARCH_PATHS = (
					"$(inherited)",
					"@executable_path/Frameworks",
					"@loader_path/Frameworks",
				);
				PRODUCT_BUNDLE_IDENTIFIER = "Go-Jek.ContactsUITests";
				PRODUCT_NAME = "$(TARGET_NAME)";
				SWIFT_VERSION = 5.0;
				TARGETED_DEVICE_FAMILY = "1,2";
				TEST_TARGET_NAME = Contacts;
			};
			name = Release;
		};
/* End XCBuildConfiguration section */

/* Begin XCConfigurationList section */
		84B30CBA235AE4BD00A74940 /* Build configuration list for PBXProject "Contacts" */ = {
			isa = XCConfigurationList;
			buildConfigurations = (
				84B30CE7235AE4BF00A74940 /* Debug */,
				84B30CE8235AE4BF00A74940 /* Release */,
			);
			defaultConfigurationIsVisible = 0;
			defaultConfigurationName = Release;
		};
		84B30CE9235AE4BF00A74940 /* Build configuration list for PBXNativeTarget "Contacts" */ = {
			isa = XCConfigurationList;
			buildConfigurations = (
				84B30CEA235AE4BF00A74940 /* Debug */,
				84B30CEB235AE4BF00A74940 /* Release */,
			);
			defaultConfigurationIsVisible = 0;
			defaultConfigurationName = Release;
		};
		84B30CEC235AE4BF00A74940 /* Build configuration list for PBXNativeTarget "ContactsTests" */ = {
			isa = XCConfigurationList;
			buildConfigurations = (
				84B30CED235AE4BF00A74940 /* Debug */,
				84B30CEE235AE4BF00A74940 /* Release */,
			);
			defaultConfigurationIsVisible = 0;
			defaultConfigurationName = Release;
		};
		84B30CEF235AE4BF00A74940 /* Build configuration list for PBXNativeTarget "ContactsUITests" */ = {
			isa = XCConfigurationList;
			buildConfigurations = (
				84B30CF0235AE4BF00A74940 /* Debug */,
				84B30CF1235AE4BF00A74940 /* Release */,
			);
			defaultConfigurationIsVisible = 0;
			defaultConfigurationName = Release;
		};
/* End XCConfigurationList section */
	};
	rootObject = 84B30CB7235AE4BD00A74940 /* Project object */;
}
